
Microsoft Visual Studio Solution File, Format Version 12.00
# Visual Studio Version 17
VisualStudioVersion = 17.9.34902.65
MinimumVisualStudioVersion = 10.0.40219.1
Project("{FAE04EC0-301F-11D3-BF4B-00C04F79EFBC}") = "CustomNotepad", "CustomNotepad\CustomNotepad.csproj", "{F67E9F25-37A8-4653-B33C-55EBE4BDC48D}"
EndProject
Global
	GlobalSection(SolutionConfigurationPlatforms) = preSolution
		Debug|Any CPU = Debug|Any CPU
		Release|Any CPU = Release|Any CPU
	EndGlobalSection
	GlobalSection(ProjectConfigurationPlatforms) = postSolution
		{F67E9F25-37A8-4653-B33C-55EBE4BDC48D}.Debug|Any CPU.ActiveCfg = Debug|Any CPU
		{F67E9F25-37A8-4653-B33C-55EBE4BDC48D}.Debug|Any CPU.Build.0 = Debug|Any CPU
		{F67E9F25-37A8-4653-B33C-55EBE4BDC48D}.Release|Any CPU.ActiveCfg = Release|Any CPU
		{F67E9F25-37A8-4653-B33C-55EBE4BDC48D}.Release|Any CPU.Build.0 = Release|Any CPU
	EndGlobalSection
	GlobalSection(SolutionProperties) = preSolution
		HideSolutionNode = FALSE
	EndGlobalSection
	GlobalSection(ExtensibilityGlobals) = postSolution
		SolutionGuid = {E431C1F4-C79A-493D-84C7-8CEC24EE2221}
	EndGlobalSection
EndGlobal
